
Microsoft Visual Studio Solution File, Format Version 12.00
# Visual Studio Version 17
VisualStudioVersion = 17.0.31919.166
MinimumVisualStudioVersion = 10.0.40219.1
Project("{FAE04EC0-301F-11D3-BF4B-00C04F79EFBC}") = "School Project", "School Project\School Project.csproj", "{B544069E-6A41-416F-BA33-3F1A0F76C7D2}"
EndProject
Global
	GlobalSection(SolutionConfigurationPlatforms) = preSolution
		Debug|Any CPU = Debug|Any CPU
		Release|Any CPU = Release|Any CPU
	EndGlobalSection
	GlobalSection(ProjectConfigurationPlatforms) = postSolution
		{B544069E-6A41-416F-BA33-3F1A0F76C7D2}.Debug|Any CPU.ActiveCfg = Debug|Any CPU
		{B544069E-6A41-416F-BA33-3F1A0F76C7D2}.Debug|Any CPU.Build.0 = Debug|Any CPU
		{B544069E-6A41-416F-BA33-3F1A0F76C7D2}.Release|Any CPU.ActiveCfg = Release|Any CPU
		{B544069E-6A41-416F-BA33-3F1A0F76C7D2}.Release|Any CPU.Build.0 = Release|Any CPU
	EndGlobalSection
	GlobalSection(SolutionProperties) = preSolution
		HideSolutionNode = FALSE
	EndGlobalSection
	GlobalSection(ExtensibilityGlobals) = postSolution
		SolutionGuid = {BA66B01F-1308-4F0C-968E-3313CB3FF5D3}
	EndGlobalSection
EndGlobal
